
Microsoft Visual Studio Solution File, Format Version 12.00
# Visual Studio 15
VisualStudioVersion = 15.0.27703.2047
MinimumVisualStudioVersion = 10.0.40219.1
Project("{FAE04EC0-301F-11D3-BF4B-00C04F79EFBC}") = "Defcon2.Android", "Defcon2.Android\Defcon2.Android.csproj", "{4257C723-53C0-4221-A0A2-EDDD6B24FAE3}"
EndProject
Project("{FAE04EC0-301F-11D3-BF4B-00C04F79EFBC}") = "Defcon2.iOS", "Defcon2.iOS\Defcon2.iOS.csproj", "{619157DF-016D-49F1-988C-CBD579945A32}"
EndProject
Project("{FAE04EC0-301F-11D3-BF4B-00C04F79EFBC}") = "Defcon2.UWP", "Defcon2.UWP\Defcon2.UWP.csproj", "{D17096F5-5D1C-4C3C-800D-6E343CE12D0B}"
EndProject
Project("{FAE04EC0-301F-11D3-BF4B-00C04F79EFBC}") = "Defcon2", "Defcon2.lib\Defcon2.lib.csproj", "{72028F18-F64D-4E11-A0DE-30754CBDD36A}"
EndProject
Global
	GlobalSection(SolutionConfigurationPlatforms) = preSolution
		Ad-Hoc|Any CPU = Ad-Hoc|Any CPU
		Ad-Hoc|ARM = Ad-Hoc|ARM
		Ad-Hoc|iPhone = Ad-Hoc|iPhone
		Ad-Hoc|iPhoneSimulator = Ad-Hoc|iPhoneSimulator
		Ad-Hoc|x64 = Ad-Hoc|x64
		Ad-Hoc|x86 = Ad-Hoc|x86
		AppStore|Any CPU = AppStore|Any CPU
		AppStore|ARM = AppStore|ARM
		AppStore|iPhone = AppStore|iPhone
		AppStore|iPhoneSimulator = AppStore|iPhoneSimulator
		AppStore|x64 = AppStore|x64
		AppStore|x86 = AppStore|x86
		Debug|Any CPU = Debug|Any CPU
		Debug|ARM = Debug|ARM
		Debug|iPhone = Debug|iPhone
		Debug|iPhoneSimulator = Debug|iPhoneSimulator
		Debug|x64 = Debug|x64
		Debug|x86 = Debug|x86
		Release|Any CPU = Release|Any CPU
		Release|ARM = Release|ARM
		Release|iPhone = Release|iPhone
		Release|iPhoneSimulator = Release|iPhoneSimulator
		Release|x64 = Release|x64
		Release|x86 = Release|x86
	EndGlobalSection
	GlobalSection(ProjectConfigurationPlatforms) = postSolution
		{4257C723-53C0-4221-A0A2-EDDD6B24FAE3}.Ad-Hoc|Any CPU.ActiveCfg = Release|Any CPU
		{4257C723-53C0-4221-A0A2-EDDD6B24FAE3}.Ad-Hoc|Any CPU.Build.0 = Release|Any CPU
		{4257C723-53C0-4221-A0A2-EDDD6B24FAE3}.Ad-Hoc|Any CPU.Deploy.0 = Release|Any CPU
		{4257C723-53C0-4221-A0A2-EDDD6B24FAE3}.Ad-Hoc|ARM.ActiveCfg = Release|Any CPU
		{4257C723-53C0-4221-A0A2-EDDD6B24FAE3}.Ad-Hoc|ARM.Build.0 = Release|Any CPU
		{4257C723-53C0-4221-A0A2-EDDD6B24FAE3}.Ad-Hoc|ARM.Deploy.0 = Release|Any CPU
		{4257C723-53C0-4221-A0A2-EDDD6B24FAE3}.Ad-Hoc|iPhone.ActiveCfg = Release|Any CPU
		{4257C723-53C0-4221-A0A2-EDDD6B24FAE3}.Ad-Hoc|iPhone.Build.0 = Release|Any CPU
		{4257C723-53C0-4221-A0A2-EDDD6B24FAE3}.Ad-Hoc|iPhone.Deploy.0 = Release|Any CPU
		{4257C723-53C0-4221-A0A2-EDDD6B24FAE3}.Ad-Hoc|iPhoneSimulator.ActiveCfg = Release|Any CPU
		{4257C723-53C0-4221-A0A2-EDDD6B24FAE3}.Ad-Hoc|iPhoneSimulator.Build.0 = Release|Any CPU
		{4257C723-53C0-4221-A0A2-EDDD6B24FAE3}.Ad-Hoc|iPhoneSimulator.Deploy.0 = Release|Any CPU
		{4257C723-53C0-4221-A0A2-EDDD6B24FAE3}.Ad-Hoc|x64.ActiveCfg = Release|Any CPU
		{4257C723-53C0-4221-A0A2-EDDD6B24FAE3}.Ad-Hoc|x64.Build.0 = Release|Any CPU
		{4257C723-53C0-4221-A0A2-EDDD6B24FAE3}.Ad-Hoc|x64.Deploy.0 = Release|Any CPU
		{4257C723-53C0-4221-A0A2-EDDD6B24FAE3}.Ad-Hoc|x86.ActiveCfg = Release|Any CPU
		{4257C723-53C0-4221-A0A2-EDDD6B24FAE3}.Ad-Hoc|x86.Build.0 = Release|Any CPU
		{4257C723-53C0-4221-A0A2-EDDD6B24FAE3}.Ad-Hoc|x86.Deploy.0 = Release|Any CPU
		{4257C723-53C0-4221-A0A2-EDDD6B24FAE3}.AppStore|Any CPU.ActiveCfg = Release|Any CPU
		{4257C723-53C0-4221-A0A2-EDDD6B24FAE3}.AppStore|Any CPU.Build.0 = Release|Any CPU
		{4257C723-53C0-4221-A0A2-EDDD6B24FAE3}.AppStore|Any CPU.Deploy.0 = Release|Any CPU
		{4257C723-53C0-4221-A0A2-EDDD6B24FAE3}.AppStore|ARM.ActiveCfg = Release|Any CPU
		{4257C723-53C0-4221-A0A2-EDDD6B24FAE3}.AppStore|ARM.Build.0 = Release|Any CPU
		{4257C723-53C0-4221-A0A2-EDDD6B24FAE3}.AppStore|ARM.Deploy.0 = Release|Any CPU
		{4257C723-53C0-4221-A0A2-EDDD6B24FAE3}.AppStore|iPhone.ActiveCfg = Release|Any CPU
		{4257C723-53C0-4221-A0A2-EDDD6B24FAE3}.AppStore|iPhone.Build.0 = Release|Any CPU
		{4257C723-53C0-4221-A0A2-EDDD6B24FAE3}.AppStore|iPhone.Deploy.0 = Release|Any CPU
		{4257C723-53C0-4221-A0A2-EDDD6B24FAE3}.AppStore|iPhoneSimulator.ActiveCfg = Release|Any CPU
		{4257C723-53C0-4221-A0A2-EDDD6B24FAE3}.AppStore|iPhoneSimulator.Build.0 = Release|Any CPU
		{4257C723-53C0-4221-A0A2-EDDD6B24FAE3}.AppStore|iPhoneSimulator.Deploy.0 = Release|Any CPU
		{4257C723-53C0-4221-A0A2-EDDD6B24FAE3}.AppStore|x64.ActiveCfg = Release|Any CPU
		{4257C723-53C0-4221-A0A2-EDDD6B24FAE3}.AppStore|x64.Build.0 = Release|Any CPU
		{4257C723-53C0-4221-A0A2-EDDD6B24FAE3}.AppStore|x64.Deploy.0 = Release|Any CPU
		{4257C723-53C0-4221-A0A2-EDDD6B24FAE3}.AppStore|x86.ActiveCfg = Release|Any CPU
		{4257C723-53C0-4221-A0A2-EDDD6B24FAE3}.AppStore|x86.Build.0 = Release|Any CPU
		{4257C723-53C0-4221-A0A2-EDDD6B24FAE3}.AppStore|x86.Deploy.0 = Release|Any CPU
		{4257C723-53C0-4221-A0A2-EDDD6B24FAE3}.Debug|Any CPU.ActiveCfg = Debug|Any CPU
		{4257C723-53C0-4221-A0A2-EDDD6B24FAE3}.Debug|Any CPU.Build.0 = Debug|Any CPU
		{4257C723-53C0-4221-A0A2-EDDD6B24FAE3}.Debug|Any CPU.Deploy.0 = Debug|Any CPU
		{4257C723-53C0-4221-A0A2-EDDD6B24FAE3}.Debug|ARM.ActiveCfg = Debug|Any CPU
		{4257C723-53C0-4221-A0A2-EDDD6B24FAE3}.Debug|ARM.Build.0 = Debug|Any CPU
		{4257C723-53C0-4221-A0A2-EDDD6B24FAE3}.Debug|ARM.Deploy.0 = Debug|Any CPU
		{4257C723-53C0-4221-A0A2-EDDD6B24FAE3}.Debug|iPhone.ActiveCfg = Debug|Any CPU
		{4257C723-53C0-4221-A0A2-EDDD6B24FAE3}.Debug|iPhone.Build.0 = Debug|Any CPU
		{4257C723-53C0-4221-A0A2-EDDD6B24FAE3}.Debug|iPhone.Deploy.0 = Debug|Any CPU
		{4257C723-53C0-4221-A0A2-EDDD6B24FAE3}.Debug|iPhoneSimulator.ActiveCfg = Debug|Any CPU
		{4257C723-53C0-4221-A0A2-EDDD6B24FAE3}.Debug|iPhoneSimulator.Build.0 = Debug|Any CPU
		{4257C723-53C0-4221-A0A2-EDDD6B24FAE3}.Debug|iPhoneSimulator.Deploy.0 = Debug|Any CPU
		{4257C723-53C0-4221-A0A2-EDDD6B24FAE3}.Debug|x64.ActiveCfg = Debug|Any CPU
		{4257C723-53C0-4221-A0A2-EDDD6B24FAE3}.Debug|x64.Build.0 = Debug|Any CPU
		{4257C723-53C0-4221-A0A2-EDDD6B24FAE3}.Debug|x64.Deploy.0 = Debug|Any CPU
		{4257C723-53C0-4221-A0A2-EDDD6B24FAE3}.Debug|x86.ActiveCfg = Debug|Any CPU
		{4257C723-53C0-4221-A0A2-EDDD6B24FAE3}.Debug|x86.Build.0 = Debug|Any CPU
		{4257C723-53C0-4221-A0A2-EDDD6B24FAE3}.Debug|x86.Deploy.0 = Debug|Any CPU
		{4257C723-53C0-4221-A0A2-EDDD6B24FAE3}.Release|Any CPU.ActiveCfg = Release|Any CPU
		{4257C723-53C0-4221-A0A2-EDDD6B24FAE3}.Release|Any CPU.Build.0 = Release|Any CPU
		{4257C723-53C0-4221-A0A2-EDDD6B24FAE3}.Release|Any CPU.Deploy.0 = Release|Any CPU
		{4257C723-53C0-4221-A0A2-EDDD6B24FAE3}.Release|ARM.ActiveCfg = Release|Any CPU
		{4257C723-53C0-4221-A0A2-EDDD6B24FAE3}.Release|ARM.Build.0 = Release|Any CPU
		{4257C723-53C0-4221-A0A2-EDDD6B24FAE3}.Release|ARM.Deploy.0 = Release|Any CPU
		{4257C723-53C0-4221-A0A2-EDDD6B24FAE3}.Release|iPhone.ActiveCfg = Release|Any CPU
		{4257C723-53C0-4221-A0A2-EDDD6B24FAE3}.Release|iPhone.Build.0 = Release|Any CPU
		{4257C723-53C0-4221-A0A2-EDDD6B24FAE3}.Release|iPhone.Deploy.0 = Release|Any CPU
		{4257C723-53C0-4221-A0A2-EDDD6B24FAE3}.Release|iPhoneSimulator.ActiveCfg = Release|Any CPU
		{4257C723-53C0-4221-A0A2-EDDD6B24FAE3}.Release|iPhoneSimulator.Build.0 = Release|Any CPU
		{4257C723-53C0-4221-A0A2-EDDD6B24FAE3}.Release|iPhoneSimulator.Deploy.0 = Release|Any CPU
		{4257C723-53C0-4221-A0A2-EDDD6B24FAE3}.Release|x64.ActiveCfg = Release|Any CPU
		{4257C723-53C0-4221-A0A2-EDDD6B24FAE3}.Release|x64.Build.0 = Release|Any CPU
		{4257C723-53C0-4221-A0A2-EDDD6B24FAE3}.Release|x64.Deploy.0 = Release|Any CPU
		{4257C723-53C0-4221-A0A2-EDDD6B24FAE3}.Release|x86.ActiveCfg = Release|Any CPU
		{4257C723-53C0-4221-A0A2-EDDD6B24FAE3}.Release|x86.Build.0 = Release|Any CPU
		{4257C723-53C0-4221-A0A2-EDDD6B24FAE3}.Release|x86.Deploy.0 = Release|Any CPU
		{619157DF-016D-49F1-988C-CBD579945A32}.Ad-Hoc|Any CPU.ActiveCfg = Ad-Hoc|iPhone
		{619157DF-016D-49F1-988C-CBD579945A32}.Ad-Hoc|Any CPU.Build.0 = Ad-Hoc|iPhone
		{619157DF-016D-49F1-988C-CBD579945A32}.Ad-Hoc|Any CPU.Deploy.0 = Ad-Hoc|iPhone
		{619157DF-016D-49F1-988C-CBD579945A32}.Ad-Hoc|ARM.ActiveCfg = Ad-Hoc|iPhone
		{619157DF-016D-49F1-988C-CBD579945A32}.Ad-Hoc|ARM.Build.0 = Ad-Hoc|iPhone
		{619157DF-016D-49F1-988C-CBD579945A32}.Ad-Hoc|ARM.Deploy.0 = Ad-Hoc|iPhone
		{619157DF-016D-49F1-988C-CBD579945A32}.Ad-Hoc|iPhone.ActiveCfg = Ad-Hoc|iPhone
		{619157DF-016D-49F1-988C-CBD579945A32}.Ad-Hoc|iPhone.Build.0 = Ad-Hoc|iPhone
		{619157DF-016D-49F1-988C-CBD579945A32}.Ad-Hoc|iPhone.Deploy.0 = Ad-Hoc|iPhone
		{619157DF-016D-49F1-988C-CBD579945A32}.Ad-Hoc|iPhoneSimulator.ActiveCfg = Ad-Hoc|iPhoneSimulator
		{619157DF-016D-49F1-988C-CBD579945A32}.Ad-Hoc|iPhoneSimulator.Build.0 = Ad-Hoc|iPhoneSimulator
		{619157DF-016D-49F1-988C-CBD579945A32}.Ad-Hoc|iPhoneSimulator.Deploy.0 = Ad-Hoc|iPhoneSimulator
		{619157DF-016D-49F1-988C-CBD579945A32}.Ad-Hoc|x64.ActiveCfg = Ad-Hoc|iPhone
		{619157DF-016D-49F1-988C-CBD579945A32}.Ad-Hoc|x64.Build.0 = Ad-Hoc|iPhone
		{619157DF-016D-49F1-988C-CBD579945A32}.Ad-Hoc|x64.Deploy.0 = Ad-Hoc|iPhone
		{619157DF-016D-49F1-988C-CBD579945A32}.Ad-Hoc|x86.ActiveCfg = Ad-Hoc|iPhone
		{619157DF-016D-49F1-988C-CBD579945A32}.Ad-Hoc|x86.Build.0 = Ad-Hoc|iPhone
		{619157DF-016D-49F1-988C-CBD579945A32}.Ad-Hoc|x86.Deploy.0 = Ad-Hoc|iPhone
		{619157DF-016D-49F1-988C-CBD579945A32}.AppStore|Any CPU.ActiveCfg = AppStore|iPhone
		{619157DF-016D-49F1-988C-CBD579945A32}.AppStore|Any CPU.Build.0 = AppStore|iPhone
		{619157DF-016D-49F1-988C-CBD579945A32}.AppStore|Any CPU.Deploy.0 = AppStore|iPhone
		{619157DF-016D-49F1-988C-CBD579945A32}.AppStore|ARM.ActiveCfg = AppStore|iPhone
		{619157DF-016D-49F1-988C-CBD579945A32}.AppStore|ARM.Build.0 = AppStore|iPhone
		{619157DF-016D-49F1-988C-CBD579945A32}.AppStore|ARM.Deploy.0 = AppStore|iPhone
		{619157DF-016D-49F1-988C-CBD579945A32}.AppStore|iPhone.ActiveCfg = AppStore|iPhone
		{619157DF-016D-49F1-988C-CBD579945A32}.AppStore|iPhone.Build.0 = AppStore|iPhone
		{619157DF-016D-49F1-988C-CBD579945A32}.AppStore|iPhone.Deploy.0 = AppStore|iPhone
		{619157DF-016D-49F1-988C-CBD579945A32}.AppStore|iPhoneSimulator.ActiveCfg = AppStore|iPhoneSimulator
		{619157DF-016D-49F1-988C-CBD579945A32}.AppStore|iPhoneSimulator.Build.0 = AppStore|iPhoneSimulator
		{619157DF-016D-49F1-988C-CBD579945A32}.AppStore|iPhoneSimulator.Deploy.0 = AppStore|iPhoneSimulator
		{619157DF-016D-49F1-988C-CBD579945A32}.AppStore|x64.ActiveCfg = AppStore|iPhone
		{619157DF-016D-49F1-988C-CBD579945A32}.AppStore|x64.Build.0 = AppStore|iPhone
		{619157DF-016D-49F1-988C-CBD579945A32}.AppStore|x64.Deploy.0 = AppStore|iPhone
		{619157DF-016D-49F1-988C-CBD579945A32}.AppStore|x86.ActiveCfg = AppStore|iPhone
		{619157DF-016D-49F1-988C-CBD579945A32}.AppStore|x86.Build.0 = AppStore|iPhone
		{619157DF-016D-49F1-988C-CBD579945A32}.AppStore|x86.Deploy.0 = AppStore|iPhone
		{619157DF-016D-49F1-988C-CBD579945A32}.Debug|Any CPU.ActiveCfg = Debug|iPhoneSimulator
		{619157DF-016D-49F1-988C-CBD579945A32}.Debug|Any CPU.Build.0 = Debug|iPhoneSimulator
		{619157DF-016D-49F1-988C-CBD579945A32}.Debug|Any CPU.Deploy.0 = Debug|iPhoneSimulator
		{619157DF-016D-49F1-988C-CBD579945A32}.Debug|ARM.ActiveCfg = Debug|iPhone
		{619157DF-016D-49F1-988C-CBD579945A32}.Debug|ARM.Build.0 = Debug|iPhone
		{619157DF-016D-49F1-988C-CBD579945A32}.Debug|ARM.Deploy.0 = Debug|iPhone
		{619157DF-016D-49F1-988C-CBD579945A32}.Debug|iPhone.ActiveCfg = Debug|iPhone
		{619157DF-016D-49F1-988C-CBD579945A32}.Debug|iPhone.Build.0 = Debug|iPhone
		{619157DF-016D-49F1-988C-CBD579945A32}.Debug|iPhone.Deploy.0 = Debug|iPhone
		{619157DF-016D-49F1-988C-CBD579945A32}.Debug|iPhoneSimulator.ActiveCfg = Debug|iPhoneSimulator
		{619157DF-016D-49F1-988C-CBD579945A32}.Debug|iPhoneSimulator.Build.0 = Debug|iPhoneSimulator
		{619157DF-016D-49F1-988C-CBD579945A32}.Debug|iPhoneSimulator.Deploy.0 = Debug|iPhoneSimulator
		{619157DF-016D-49F1-988C-CBD579945A32}.Debug|x64.ActiveCfg = Debug|iPhone
		{619157DF-016D-49F1-988C-CBD579945A32}.Debug|x64.Build.0 = Debug|iPhone
		{619157DF-016D-49F1-988C-CBD579945A32}.Debug|x64.Deploy.0 = Debug|iPhone
		{619157DF-016D-49F1-988C-CBD579945A32}.Debug|x86.ActiveCfg = Debug|iPhone
		{619157DF-016D-49F1-988C-CBD579945A32}.Debug|x86.Build.0 = Debug|iPhone
		{619157DF-016D-49F1-988C-CBD579945A32}.Debug|x86.Deploy.0 = Debug|iPhone
		{619157DF-016D-49F1-988C-CBD579945A32}.Release|Any CPU.ActiveCfg = Release|iPhone
		{619157DF-016D-49F1-988C-CBD579945A32}.Release|Any CPU.Build.0 = Release|iPhone
		{619157DF-016D-49F1-988C-CBD579945A32}.Release|Any CPU.Deploy.0 = Release|iPhone
		{619157DF-016D-49F1-988C-CBD579945A32}.Release|ARM.ActiveCfg = Release|iPhone
		{619157DF-016D-49F1-988C-CBD579945A32}.Release|ARM.Build.0 = Release|iPhone
		{619157DF-016D-49F1-988C-CBD579945A32}.Release|ARM.Deploy.0 = Release|iPhone
		{619157DF-016D-49F1-988C-CBD579945A32}.Release|iPhone.ActiveCfg = Release|iPhone
		{619157DF-016D-49F1-988C-CBD579945A32}.Release|iPhone.Build.0 = Release|iPhone
		{619157DF-016D-49F1-988C-CBD579945A32}.Release|iPhone.Deploy.0 = Release|iPhone
		{619157DF-016D-49F1-988C-CBD579945A32}.Release|iPhoneSimulator.ActiveCfg = Release|iPhoneSimulator
		{619157DF-016D-49F1-988C-CBD579945A32}.Release|iPhoneSimulator.Build.0 = Release|iPhoneSimulator
		{619157DF-016D-49F1-988C-CBD579945A32}.Release|iPhoneSimulator.Deploy.0 = Release|iPhoneSimulator
		{619157DF-016D-49F1-988C-CBD579945A32}.Release|x64.ActiveCfg = Release|iPhone
		{619157DF-016D-49F1-988C-CBD579945A32}.Release|x64.Build.0 = Release|iPhone
		{619157DF-016D-49F1-988C-CBD579945A32}.Release|x64.Deploy.0 = Release|iPhone
		{619157DF-016D-49F1-988C-CBD579945A32}.Release|x86.ActiveCfg = Release|iPhone
		{619157DF-016D-49F1-988C-CBD579945A32}.Release|x86.Build.0 = Release|iPhone
		{619157DF-016D-49F1-988C-CBD579945A32}.Release|x86.Deploy.0 = Release|iPhone
		{D17096F5-5D1C-4C3C-800D-6E343CE12D0B}.Ad-Hoc|Any CPU.ActiveCfg = Release|x86
		{D17096F5-5D1C-4C3C-800D-6E343CE12D0B}.Ad-Hoc|Any CPU.Build.0 = Release|x86
		{D17096F5-5D1C-4C3C-800D-6E343CE12D0B}.Ad-Hoc|Any CPU.Deploy.0 = Release|x86
		{D17096F5-5D1C-4C3C-800D-6E343CE12D0B}.Ad-Hoc|ARM.ActiveCfg = Release|ARM
		{D17096F5-5D1C-4C3C-800D-6E343CE12D0B}.Ad-Hoc|ARM.Build.0 = Release|ARM
		{D17096F5-5D1C-4C3C-800D-6E343CE12D0B}.Ad-Hoc|ARM.Deploy.0 = Release|ARM
		{D17096F5-5D1C-4C3C-800D-6E343CE12D0B}.Ad-Hoc|iPhone.ActiveCfg = Release|x86
		{D17096F5-5D1C-4C3C-800D-6E343CE12D0B}.Ad-Hoc|iPhone.Build.0 = Release|x86
		{D17096F5-5D1C-4C3C-800D-6E343CE12D0B}.Ad-Hoc|iPhone.Deploy.0 = Release|x86
		{D17096F5-5D1C-4C3C-800D-6E343CE12D0B}.Ad-Hoc|iPhoneSimulator.ActiveCfg = Release|x86
		{D17096F5-5D1C-4C3C-800D-6E343CE12D0B}.Ad-Hoc|iPhoneSimulator.Build.0 = Release|x86
		{D17096F5-5D1C-4C3C-800D-6E343CE12D0B}.Ad-Hoc|iPhoneSimulator.Deploy.0 = Release|x86
		{D17096F5-5D1C-4C3C-800D-6E343CE12D0B}.Ad-Hoc|x64.ActiveCfg = Release|x64
		{D17096F5-5D1C-4C3C-800D-6E343CE12D0B}.Ad-Hoc|x64.Build.0 = Release|x64
		{D17096F5-5D1C-4C3C-800D-6E343CE12D0B}.Ad-Hoc|x64.Deploy.0 = Release|x64
		{D17096F5-5D1C-4C3C-800D-6E343CE12D0B}.Ad-Hoc|x86.ActiveCfg = Release|x86
		{D17096F5-5D1C-4C3C-800D-6E343CE12D0B}.Ad-Hoc|x86.Build.0 = Release|x86
		{D17096F5-5D1C-4C3C-800D-6E343CE12D0B}.Ad-Hoc|x86.Deploy.0 = Release|x86
		{D17096F5-5D1C-4C3C-800D-6E343CE12D0B}.AppStore|Any CPU.ActiveCfg = Release|x86
		{D17096F5-5D1C-4C3C-800D-6E343CE12D0B}.AppStore|Any CPU.Build.0 = Release|x86
		{D17096F5-5D1C-4C3C-800D-6E343CE12D0B}.AppStore|Any CPU.Deploy.0 = Release|x86
		{D17096F5-5D1C-4C3C-800D-6E343CE12D0B}.AppStore|ARM.ActiveCfg = Release|ARM
		{D17096F5-5D1C-4C3C-800D-6E343CE12D0B}.AppStore|ARM.Build.0 = Release|ARM
		{D17096F5-5D1C-4C3C-800D-6E343CE12D0B}.AppStore|ARM.Deploy.0 = Release|ARM
		{D17096F5-5D1C-4C3C-800D-6E343CE12D0B}.AppStore|iPhone.ActiveCfg = Release|x86
		{D17096F5-5D1C-4C3C-800D-6E343CE12D0B}.AppStore|iPhone.Build.0 = Release|x86
		{D17096F5-5D1C-4C3C-800D-6E343CE12D0B}.AppStore|iPhone.Deploy.0 = Release|x86
		{D17096F5-5D1C-4C3C-800D-6E343CE12D0B}.AppStore|iPhoneSimulator.ActiveCfg = Release|x86
		{D17096F5-5D1C-4C3C-800D-6E343CE12D0B}.AppStore|iPhoneSimulator.Build.0 = Release|x86
		{D17096F5-5D1C-4C3C-800D-6E343CE12D0B}.AppStore|iPhoneSimulator.Deploy.0 = Release|x86
		{D17096F5-5D1C-4C3C-800D-6E343CE12D0B}.AppStore|x64.ActiveCfg = Release|x64
		{D17096F5-5D1C-4C3C-800D-6E343CE12D0B}.AppStore|x64.Build.0 = Release|x64
		{D17096F5-5D1C-4C3C-800D-6E343CE12D0B}.AppStore|x64.Deploy.0 = Release|x64
		{D17096F5-5D1C-4C3C-800D-6E343CE12D0B}.AppStore|x86.ActiveCfg = Release|x86
		{D17096F5-5D1C-4C3C-800D-6E343CE12D0B}.AppStore|x86.Build.0 = Release|x86
		{D17096F5-5D1C-4C3C-800D-6E343CE12D0B}.AppStore|x86.Deploy.0 = Release|x86
		{D17096F5-5D1C-4C3C-800D-6E343CE12D0B}.Debug|Any CPU.ActiveCfg = Debug|x86
		{D17096F5-5D1C-4C3C-800D-6E343CE12D0B}.Debug|Any CPU.Build.0 = Debug|x86
		{D17096F5-5D1C-4C3C-800D-6E343CE12D0B}.Debug|Any CPU.Deploy.0 = Debug|x86
		{D17096F5-5D1C-4C3C-800D-6E343CE12D0B}.Debug|ARM.ActiveCfg = Debug|ARM
		{D17096F5-5D1C-4C3C-800D-6E343CE12D0B}.Debug|ARM.Build.0 = Debug|ARM
		{D17096F5-5D1C-4C3C-800D-6E343CE12D0B}.Debug|ARM.Deploy.0 = Debug|ARM
		{D17096F5-5D1C-4C3C-800D-6E343CE12D0B}.Debug|iPhone.ActiveCfg = Debug|x86
		{D17096F5-5D1C-4C3C-800D-6E343CE12D0B}.Debug|iPhone.Build.0 = Debug|x86
		{D17096F5-5D1C-4C3C-800D-6E343CE12D0B}.Debug|iPhone.Deploy.0 = Debug|x86
		{D17096F5-5D1C-4C3C-800D-6E343CE12D0B}.Debug|iPhoneSimulator.ActiveCfg = Debug|x86
		{D17096F5-5D1C-4C3C-800D-6E343CE12D0B}.Debug|iPhoneSimulator.Build.0 = Debug|x86
		{D17096F5-5D1C-4C3C-800D-6E343CE12D0B}.Debug|iPhoneSimulator.Deploy.0 = Debug|x86
		{D17096F5-5D1C-4C3C-800D-6E343CE12D0B}.Debug|x64.ActiveCfg = Debug|x64
		{D17096F5-5D1C-4C3C-800D-6E343CE12D0B}.Debug|x64.Build.0 = Debug|x64
		{D17096F5-5D1C-4C3C-800D-6E343CE12D0B}.Debug|x64.Deploy.0 = Debug|x64
		{D17096F5-5D1C-4C3C-800D-6E343CE12D0B}.Debug|x86.ActiveCfg = Debug|x86
		{D17096F5-5D1C-4C3C-800D-6E343CE12D0B}.Debug|x86.Build.0 = Debug|x86
		{D17096F5-5D1C-4C3C-800D-6E343CE12D0B}.Debug|x86.Deploy.0 = Debug|x86
		{D17096F5-5D1C-4C3C-800D-6E343CE12D0B}.Release|Any CPU.ActiveCfg = Release|x86
		{D17096F5-5D1C-4C3C-800D-6E343CE12D0B}.Release|Any CPU.Build.0 = Release|x86
		{D17096F5-5D1C-4C3C-800D-6E343CE12D0B}.Release|Any CPU.Deploy.0 = Release|x86
		{D17096F5-5D1C-4C3C-800D-6E343CE12D0B}.Release|ARM.ActiveCfg = Release|ARM
		{D17096F5-5D1C-4C3C-800D-6E343CE12D0B}.Release|ARM.Build.0 = Release|ARM
		{D17096F5-5D1C-4C3C-800D-6E343CE12D0B}.Release|ARM.Deploy.0 = Release|ARM
		{D17096F5-5D1C-4C3C-800D-6E343CE12D0B}.Release|iPhone.ActiveCfg = Release|x86
		{D17096F5-5D1C-4C3C-800D-6E343CE12D0B}.Release|iPhone.Build.0 = Release|x86
		{D17096F5-5D1C-4C3C-800D-6E343CE12D0B}.Release|iPhone.Deploy.0 = Release|x86
		{D17096F5-5D1C-4C3C-800D-6E343CE12D0B}.Release|iPhoneSimulator.ActiveCfg = Release|x86
		{D17096F5-5D1C-4C3C-800D-6E343CE12D0B}.Release|iPhoneSimulator.Build.0 = Release|x86
		{D17096F5-5D1C-4C3C-800D-6E343CE12D0B}.Release|iPhoneSimulator.Deploy.0 = Release|x86
		{D17096F5-5D1C-4C3C-800D-6E343CE12D0B}.Release|x64.ActiveCfg = Release|x64
		{D17096F5-5D1C-4C3C-800D-6E343CE12D0B}.Release|x64.Build.0 = Release|x64
		{D17096F5-5D1C-4C3C-800D-6E343CE12D0B}.Release|x64.Deploy.0 = Release|x64
		{D17096F5-5D1C-4C3C-800D-6E343CE12D0B}.Release|x86.ActiveCfg = Release|x86
		{D17096F5-5D1C-4C3C-800D-6E343CE12D0B}.Release|x86.Build.0 = Release|x86
		{D17096F5-5D1C-4C3C-800D-6E343CE12D0B}.Release|x86.Deploy.0 = Release|x86
		{72028F18-F64D-4E11-A0DE-30754CBDD36A}.Ad-Hoc|Any CPU.ActiveCfg = Debug|Any CPU
		{72028F18-F64D-4E11-A0DE-30754CBDD36A}.Ad-Hoc|Any CPU.Build.0 = Debug|Any CPU
		{72028F18-F64D-4E11-A0DE-30754CBDD36A}.Ad-Hoc|Any CPU.Deploy.0 = Debug|Any CPU
		{72028F18-F64D-4E11-A0DE-30754CBDD36A}.Ad-Hoc|ARM.ActiveCfg = Debug|Any CPU
		{72028F18-F64D-4E11-A0DE-30754CBDD36A}.Ad-Hoc|ARM.Build.0 = Debug|Any CPU
		{72028F18-F64D-4E11-A0DE-30754CBDD36A}.Ad-Hoc|ARM.Deploy.0 = Debug|Any CPU
		{72028F18-F64D-4E11-A0DE-30754CBDD36A}.Ad-Hoc|iPhone.ActiveCfg = Debug|Any CPU
		{72028F18-F64D-4E11-A0DE-30754CBDD36A}.Ad-Hoc|iPhone.Build.0 = Debug|Any CPU
		{72028F18-F64D-4E11-A0DE-30754CBDD36A}.Ad-Hoc|iPhone.Deploy.0 = Debug|Any CPU
		{72028F18-F64D-4E11-A0DE-30754CBDD36A}.Ad-Hoc|iPhoneSimulator.ActiveCfg = Debug|Any CPU
		{72028F18-F64D-4E11-A0DE-30754CBDD36A}.Ad-Hoc|iPhoneSimulator.Build.0 = Debug|Any CPU
		{72028F18-F64D-4E11-A0DE-30754CBDD36A}.Ad-Hoc|iPhoneSimulator.Deploy.0 = Debug|Any CPU
		{72028F18-F64D-4E11-A0DE-30754CBDD36A}.Ad-Hoc|x64.ActiveCfg = Debug|Any CPU
		{72028F18-F64D-4E11-A0DE-30754CBDD36A}.Ad-Hoc|x64.Build.0 = Debug|Any CPU
		{72028F18-F64D-4E11-A0DE-30754CBDD36A}.Ad-Hoc|x64.Deploy.0 = Debug|Any CPU
		{72028F18-F64D-4E11-A0DE-30754CBDD36A}.Ad-Hoc|x86.ActiveCfg = Debug|Any CPU
		{72028F18-F64D-4E11-A0DE-30754CBDD36A}.Ad-Hoc|x86.Build.0 = Debug|Any CPU
		{72028F18-F64D-4E11-A0DE-30754CBDD36A}.Ad-Hoc|x86.Deploy.0 = Debug|Any CPU
		{72028F18-F64D-4E11-A0DE-30754CBDD36A}.AppStore|Any CPU.ActiveCfg = Debug|Any CPU
		{72028F18-F64D-4E11-A0DE-30754CBDD36A}.AppStore|Any CPU.Build.0 = Debug|Any CPU
		{72028F18-F64D-4E11-A0DE-30754CBDD36A}.AppStore|Any CPU.Deploy.0 = Debug|Any CPU
		{72028F18-F64D-4E11-A0DE-30754CBDD36A}.AppStore|ARM.ActiveCfg = Debug|Any CPU
		{72028F18-F64D-4E11-A0DE-30754CBDD36A}.AppStore|ARM.Build.0 = Debug|Any CPU
		{72028F18-F64D-4E11-A0DE-30754CBDD36A}.AppStore|ARM.Deploy.0 = Debug|Any CPU
		{72028F18-F64D-4E11-A0DE-30754CBDD36A}.AppStore|iPhone.ActiveCfg = Debug|Any CPU
		{72028F18-F64D-4E11-A0DE-30754CBDD36A}.AppStore|iPhone.Build.0 = Debug|Any CPU
		{72028F18-F64D-4E11-A0DE-30754CBDD36A}.AppStore|iPhone.Deploy.0 = Debug|Any CPU
		{72028F18-F64D-4E11-A0DE-30754CBDD36A}.AppStore|iPhoneSimulator.ActiveCfg = Debug|Any CPU
		{72028F18-F64D-4E11-A0DE-30754CBDD36A}.AppStore|iPhoneSimulator.Build.0 = Debug|Any CPU
		{72028F18-F64D-4E11-A0DE-30754CBDD36A}.AppStore|iPhoneSimulator.Deploy.0 = Debug|Any CPU
		{72028F18-F64D-4E11-A0DE-30754CBDD36A}.AppStore|x64.ActiveCfg = Debug|Any CPU
		{72028F18-F64D-4E11-A0DE-30754CBDD36A}.AppStore|x64.Build.0 = Debug|Any CPU
		{72028F18-F64D-4E11-A0DE-30754CBDD36A}.AppStore|x64.Deploy.0 = Debug|Any CPU
		{72028F18-F64D-4E11-A0DE-30754CBDD36A}.AppStore|x86.ActiveCfg = Debug|Any CPU
		{72028F18-F64D-4E11-A0DE-30754CBDD36A}.AppStore|x86.Build.0 = Debug|Any CPU
		{72028F18-F64D-4E11-A0DE-30754CBDD36A}.AppStore|x86.Deploy.0 = Debug|Any CPU
		{72028F18-F64D-4E11-A0DE-30754CBDD36A}.Debug|Any CPU.ActiveCfg = Debug|Any CPU
		{72028F18-F64D-4E11-A0DE-30754CBDD36A}.Debug|Any CPU.Build.0 = Debug|Any CPU
		{72028F18-F64D-4E11-A0DE-30754CBDD36A}.Debug|Any CPU.Deploy.0 = Debug|Any CPU
		{72028F18-F64D-4E11-A0DE-30754CBDD36A}.Debug|ARM.ActiveCfg = Debug|Any CPU
		{72028F18-F64D-4E11-A0DE-30754CBDD36A}.Debug|ARM.Build.0 = Debug|Any CPU
		{72028F18-F64D-4E11-A0DE-30754CBDD36A}.Debug|ARM.Deploy.0 = Debug|Any CPU
		{72028F18-F64D-4E11-A0DE-30754CBDD36A}.Debug|iPhone.ActiveCfg = Debug|Any CPU
		{72028F18-F64D-4E11-A0DE-30754CBDD36A}.Debug|iPhone.Build.0 = Debug|Any CPU
		{72028F18-F64D-4E11-A0DE-30754CBDD36A}.Debug|iPhone.Deploy.0 = Debug|Any CPU
		{72028F18-F64D-4E11-A0DE-30754CBDD36A}.Debug|iPhoneSimulator.ActiveCfg = Debug|Any CPU
		{72028F18-F64D-4E11-A0DE-30754CBDD36A}.Debug|iPhoneSimulator.Build.0 = Debug|Any CPU
		{72028F18-F64D-4E11-A0DE-30754CBDD36A}.Debug|iPhoneSimulator.Deploy.0 = Debug|Any CPU
		{72028F18-F64D-4E11-A0DE-30754CBDD36A}.Debug|x64.ActiveCfg = Debug|Any CPU
		{72028F18-F64D-4E11-A0DE-30754CBDD36A}.Debug|x64.Build.0 = Debug|Any CPU
		{72028F18-F64D-4E11-A0DE-30754CBDD36A}.Debug|x64.Deploy.0 = Debug|Any CPU
		{72028F18-F64D-4E11-A0DE-30754CBDD36A}.Debug|x86.ActiveCfg = Debug|Any CPU
		{72028F18-F64D-4E11-A0DE-30754CBDD36A}.Debug|x86.Build.0 = Debug|Any CPU
		{72028F18-F64D-4E11-A0DE-30754CBDD36A}.Debug|x86.Deploy.0 = Debug|Any CPU
		{72028F18-F64D-4E11-A0DE-30754CBDD36A}.Release|Any CPU.ActiveCfg = Release|Any CPU
		{72028F18-F64D-4E11-A0DE-30754CBDD36A}.Release|Any CPU.Build.0 = Release|Any CPU
		{72028F18-F64D-4E11-A0DE-30754CBDD36A}.Release|Any CPU.Deploy.0 = Release|Any CPU
		{72028F18-F64D-4E11-A0DE-30754CBDD36A}.Release|ARM.ActiveCfg = Release|Any CPU
		{72028F18-F64D-4E11-A0DE-30754CBDD36A}.Release|ARM.Build.0 = Release|Any CPU
		{72028F18-F64D-4E11-A0DE-30754CBDD36A}.Release|ARM.Deploy.0 = Release|Any CPU
		{72028F18-F64D-4E11-A0DE-30754CBDD36A}.Release|iPhone.ActiveCfg = Release|Any CPU
		{72028F18-F64D-4E11-A0DE-30754CBDD36A}.Release|iPhone.Build.0 = Release|Any CPU
		{72028F18-F64D-4E11-A0DE-30754CBDD36A}.Release|iPhone.Deploy.0 = Release|Any CPU
		{72028F18-F64D-4E11-A0DE-30754CBDD36A}.Release|iPhoneSimulator.ActiveCfg = Release|Any CPU
		{72028F18-F64D-4E11-A0DE-30754CBDD36A}.Release|iPhoneSimulator.Build.0 = Release|Any CPU
		{72028F18-F64D-4E11-A0DE-30754CBDD36A}.Release|iPhoneSimulator.Deploy.0 = Release|Any CPU
		{72028F18-F64D-4E11-A0DE-30754CBDD36A}.Release|x64.ActiveCfg = Release|Any CPU
		{72028F18-F64D-4E11-A0DE-30754CBDD36A}.Release|x64.Build.0 = Release|Any CPU
		{72028F18-F64D-4E11-A0DE-30754CBDD36A}.Release|x64.Deploy.0 = Release|Any CPU
		{72028F18-F64D-4E11-A0DE-30754CBDD36A}.Release|x86.ActiveCfg = Release|Any CPU
		{72028F18-F64D-4E11-A0DE-30754CBDD36A}.Release|x86.Build.0 = Release|Any CPU
		{72028F18-F64D-4E11-A0DE-30754CBDD36A}.Release|x86.Deploy.0 = Release|Any CPU
	EndGlobalSection
	GlobalSection(SolutionProperties) = preSolution
		HideSolutionNode = FALSE
	EndGlobalSection
	GlobalSection(ExtensibilityGlobals) = postSolution
		SolutionGuid = {C9D5DBAE-46F3-4552-BA8F-DBB681D34C8E}
	EndGlobalSection
EndGlobal
